
Microsoft Visual Studio Solution File, Format Version 12.00
Project("{FAE04EC0-301F-11D3-BF4B-00C04F79EFBC}") = "UpdateDependencies", "UpdateDependencies\UpdateDependencies.csproj", "{78DB281B-1321-4FAC-9548-E2F905F885A7}"
EndProject
Global
	GlobalSection(SolutionConfigurationPlatforms) = preSolution
		Debug|Any CPU = Debug|Any CPU
		Release|Any CPU = Release|Any CPU
	EndGlobalSection
	GlobalSection(ProjectConfigurationPlatforms) = postSolution
		{78DB281B-1321-4FAC-9548-E2F905F885A7}.Debug|Any CPU.ActiveCfg = Debug|Any CPU
		{78DB281B-1321-4FAC-9548-E2F905F885A7}.Debug|Any CPU.Build.0 = Debug|Any CPU
		{78DB281B-1321-4FAC-9548-E2F905F885A7}.Release|Any CPU.ActiveCfg = Release|Any CPU
		{78DB281B-1321-4FAC-9548-E2F905F885A7}.Release|Any CPU.Build.0 = Release|Any CPU
	EndGlobalSection
EndGlobal
